
Microsoft Visual Studio Solution File, Format Version 12.00
# Visual Studio 15
VisualStudioVersion = 15.0.26403.3
MinimumVisualStudioVersion = 10.0.40219.1
Project("{FAE04EC0-301F-11D3-BF4B-00C04F79EFBC}") = "SearchAlgorithmsLib", "SearchAlgorithmsLib\SearchAlgorithmsLib.csproj", "{38E8F442-E772-458C-A6CE-9B5E3FD8C7C8}"
EndProject
Project("{FAE04EC0-301F-11D3-BF4B-00C04F79EFBC}") = "testApp", "testApp\testApp.csproj", "{CFA837CB-D9C1-4CAB-B247-D0680D2E47BF}"
EndProject
Project("{FAE04EC0-301F-11D3-BF4B-00C04F79EFBC}") = "Part1", "Part1\Part1.csproj", "{89D33851-BC31-4235-9FE5-32C8CCD54001}"
EndProject
Project("{2150E333-8FDC-42A3-9474-1A3956D46DE8}") = "TheController", "TheController", "{F3104DE3-92AC-4B5C-84D5-2EDAAA81BCA6}"
EndProject
Project("{2150E333-8FDC-42A3-9474-1A3956D46DE8}") = "TheCommands", "TheCommands", "{3E804C2D-3BF8-4DD2-A6F8-BCDCCF1AD20F}"
EndProject
Project("{FAE04EC0-301F-11D3-BF4B-00C04F79EFBC}") = "Commands", "Commands\Commands.csproj", "{2E95965D-E2BA-4C34-BAE3-B232172B37F6}"
EndProject
Project("{2150E333-8FDC-42A3-9474-1A3956D46DE8}") = "TheModel", "TheModel", "{C67E7E29-CF46-47D2-94D4-314AA9437990}"
EndProject
Project("{FAE04EC0-301F-11D3-BF4B-00C04F79EFBC}") = "Model", "Model\Model.csproj", "{91DC27FA-5B3D-41E5-B37E-DF5C9178A5AE}"
EndProject
Project("{2150E333-8FDC-42A3-9474-1A3956D46DE8}") = "TheServer", "TheServer", "{D5DCE876-F195-4B94-8898-02C19E75954B}"
EndProject
Project("{FAE04EC0-301F-11D3-BF4B-00C04F79EFBC}") = "ServerProject", "ServerProject\ServerProject.csproj", "{0C47913E-4B19-49C1-B03A-C37AEF9273FB}"
EndProject
Project("{2150E333-8FDC-42A3-9474-1A3956D46DE8}") = "TheView", "TheView", "{A0AC2C75-9809-48D8-8041-8789CC4309FB}"
EndProject
Project("{FAE04EC0-301F-11D3-BF4B-00C04F79EFBC}") = "View", "View\View.csproj", "{E30FD331-DFF2-4368-9E0C-1E2B7E37DF5D}"
EndProject
Project("{FAE04EC0-301F-11D3-BF4B-00C04F79EFBC}") = "Controller", "Controller\Controller.csproj", "{63EC397A-6587-422A-9B2A-7E851E01C6A4}"
EndProject
Global
	GlobalSection(SolutionConfigurationPlatforms) = preSolution
		Debug|Any CPU = Debug|Any CPU
		Release|Any CPU = Release|Any CPU
	EndGlobalSection
	GlobalSection(ProjectConfigurationPlatforms) = postSolution
		{38E8F442-E772-458C-A6CE-9B5E3FD8C7C8}.Debug|Any CPU.ActiveCfg = Debug|Any CPU
		{38E8F442-E772-458C-A6CE-9B5E3FD8C7C8}.Debug|Any CPU.Build.0 = Debug|Any CPU
		{38E8F442-E772-458C-A6CE-9B5E3FD8C7C8}.Release|Any CPU.ActiveCfg = Release|Any CPU
		{38E8F442-E772-458C-A6CE-9B5E3FD8C7C8}.Release|Any CPU.Build.0 = Release|Any CPU
		{CFA837CB-D9C1-4CAB-B247-D0680D2E47BF}.Debug|Any CPU.ActiveCfg = Debug|Any CPU
		{CFA837CB-D9C1-4CAB-B247-D0680D2E47BF}.Debug|Any CPU.Build.0 = Debug|Any CPU
		{CFA837CB-D9C1-4CAB-B247-D0680D2E47BF}.Release|Any CPU.ActiveCfg = Release|Any CPU
		{CFA837CB-D9C1-4CAB-B247-D0680D2E47BF}.Release|Any CPU.Build.0 = Release|Any CPU
		{89D33851-BC31-4235-9FE5-32C8CCD54001}.Debug|Any CPU.ActiveCfg = Debug|Any CPU
		{89D33851-BC31-4235-9FE5-32C8CCD54001}.Debug|Any CPU.Build.0 = Debug|Any CPU
		{89D33851-BC31-4235-9FE5-32C8CCD54001}.Release|Any CPU.ActiveCfg = Release|Any CPU
		{89D33851-BC31-4235-9FE5-32C8CCD54001}.Release|Any CPU.Build.0 = Release|Any CPU
		{2E95965D-E2BA-4C34-BAE3-B232172B37F6}.Debug|Any CPU.ActiveCfg = Debug|Any CPU
		{2E95965D-E2BA-4C34-BAE3-B232172B37F6}.Debug|Any CPU.Build.0 = Debug|Any CPU
		{2E95965D-E2BA-4C34-BAE3-B232172B37F6}.Release|Any CPU.ActiveCfg = Release|Any CPU
		{2E95965D-E2BA-4C34-BAE3-B232172B37F6}.Release|Any CPU.Build.0 = Release|Any CPU
		{91DC27FA-5B3D-41E5-B37E-DF5C9178A5AE}.Debug|Any CPU.ActiveCfg = Debug|Any CPU
		{91DC27FA-5B3D-41E5-B37E-DF5C9178A5AE}.Debug|Any CPU.Build.0 = Debug|Any CPU
		{91DC27FA-5B3D-41E5-B37E-DF5C9178A5AE}.Release|Any CPU.ActiveCfg = Release|Any CPU
		{91DC27FA-5B3D-41E5-B37E-DF5C9178A5AE}.Release|Any CPU.Build.0 = Release|Any CPU
		{0C47913E-4B19-49C1-B03A-C37AEF9273FB}.Debug|Any CPU.ActiveCfg = Debug|Any CPU
		{0C47913E-4B19-49C1-B03A-C37AEF9273FB}.Debug|Any CPU.Build.0 = Debug|Any CPU
		{0C47913E-4B19-49C1-B03A-C37AEF9273FB}.Release|Any CPU.ActiveCfg = Release|Any CPU
		{0C47913E-4B19-49C1-B03A-C37AEF9273FB}.Release|Any CPU.Build.0 = Release|Any CPU
		{E30FD331-DFF2-4368-9E0C-1E2B7E37DF5D}.Debug|Any CPU.ActiveCfg = Debug|Any CPU
		{E30FD331-DFF2-4368-9E0C-1E2B7E37DF5D}.Debug|Any CPU.Build.0 = Debug|Any CPU
		{E30FD331-DFF2-4368-9E0C-1E2B7E37DF5D}.Release|Any CPU.ActiveCfg = Release|Any CPU
		{E30FD331-DFF2-4368-9E0C-1E2B7E37DF5D}.Release|Any CPU.Build.0 = Release|Any CPU
		{63EC397A-6587-422A-9B2A-7E851E01C6A4}.Debug|Any CPU.ActiveCfg = Debug|Any CPU
		{63EC397A-6587-422A-9B2A-7E851E01C6A4}.Debug|Any CPU.Build.0 = Debug|Any CPU
		{63EC397A-6587-422A-9B2A-7E851E01C6A4}.Release|Any CPU.ActiveCfg = Release|Any CPU
		{63EC397A-6587-422A-9B2A-7E851E01C6A4}.Release|Any CPU.Build.0 = Release|Any CPU
	EndGlobalSection
	GlobalSection(SolutionProperties) = preSolution
		HideSolutionNode = FALSE
	EndGlobalSection
	GlobalSection(NestedProjects) = preSolution
		{3E804C2D-3BF8-4DD2-A6F8-BCDCCF1AD20F} = {F3104DE3-92AC-4B5C-84D5-2EDAAA81BCA6}
		{2E95965D-E2BA-4C34-BAE3-B232172B37F6} = {3E804C2D-3BF8-4DD2-A6F8-BCDCCF1AD20F}
		{91DC27FA-5B3D-41E5-B37E-DF5C9178A5AE} = {C67E7E29-CF46-47D2-94D4-314AA9437990}
		{0C47913E-4B19-49C1-B03A-C37AEF9273FB} = {D5DCE876-F195-4B94-8898-02C19E75954B}
		{E30FD331-DFF2-4368-9E0C-1E2B7E37DF5D} = {A0AC2C75-9809-48D8-8041-8789CC4309FB}
		{63EC397A-6587-422A-9B2A-7E851E01C6A4} = {3E804C2D-3BF8-4DD2-A6F8-BCDCCF1AD20F}
	EndGlobalSection
EndGlobal
